
Microsoft Visual Studio Solution File, Format Version 12.00
# Visual Studio Version 16
VisualStudioVersion = 16.0.31005.135
MinimumVisualStudioVersion = 10.0.40219.1
Project("{8BC9CEB8-8B4A-11D0-8D11-00A0C91BC942}") = "chapter02", "chapter02\chapter02.vcxproj", "{38B22C27-CB6B-47FD-8D60-6C3C14B80ABF}"
EndProject
Project("{8BC9CEB8-8B4A-11D0-8D11-00A0C91BC942}") = "chapter01", "chapter01\chapter01.vcxproj", "{940E714E-FD22-48C8-8BB8-E173F1D5B8F4}"
EndProject
Project("{8BC9CEB8-8B4A-11D0-8D11-00A0C91BC942}") = "chapter03", "chapter03\chapter03.vcxproj", "{C5312942-606C-4F23-83B3-9D5714260FF5}"
EndProject
Project("{8BC9CEB8-8B4A-11D0-8D11-00A0C91BC942}") = "chapter04", "chapter04\chapter04.vcxproj", "{5D540BAB-01DC-4197-967F-D2770863B744}"
EndProject
Project("{8BC9CEB8-8B4A-11D0-8D11-00A0C91BC942}") = "chapter05", "chapter05\chapter05.vcxproj", "{D77979C1-0961-455B-8424-C97E2A9809B7}"
EndProject
Global
	GlobalSection(SolutionConfigurationPlatforms) = preSolution
		Debug|x64 = Debug|x64
		Debug|x86 = Debug|x86
		Release|x64 = Release|x64
		Release|x86 = Release|x86
	EndGlobalSection
	GlobalSection(ProjectConfigurationPlatforms) = postSolution
		{38B22C27-CB6B-47FD-8D60-6C3C14B80ABF}.Debug|x64.ActiveCfg = Debug|x64
		{38B22C27-CB6B-47FD-8D60-6C3C14B80ABF}.Debug|x64.Build.0 = Debug|x64
		{38B22C27-CB6B-47FD-8D60-6C3C14B80ABF}.Debug|x86.ActiveCfg = Debug|Win32
		{38B22C27-CB6B-47FD-8D60-6C3C14B80ABF}.Debug|x86.Build.0 = Debug|Win32
		{38B22C27-CB6B-47FD-8D60-6C3C14B80ABF}.Release|x64.ActiveCfg = Release|x64
		{38B22C27-CB6B-47FD-8D60-6C3C14B80ABF}.Release|x64.Build.0 = Release|x64
		{38B22C27-CB6B-47FD-8D60-6C3C14B80ABF}.Release|x86.ActiveCfg = Release|Win32
		{38B22C27-CB6B-47FD-8D60-6C3C14B80ABF}.Release|x86.Build.0 = Release|Win32
		{940E714E-FD22-48C8-8BB8-E173F1D5B8F4}.Debug|x64.ActiveCfg = Debug|x64
		{940E714E-FD22-48C8-8BB8-E173F1D5B8F4}.Debug|x64.Build.0 = Debug|x64
		{940E714E-FD22-48C8-8BB8-E173F1D5B8F4}.Debug|x86.ActiveCfg = Debug|Win32
		{940E714E-FD22-48C8-8BB8-E173F1D5B8F4}.Debug|x86.Build.0 = Debug|Win32
		{940E714E-FD22-48C8-8BB8-E173F1D5B8F4}.Release|x64.ActiveCfg = Release|x64
		{940E714E-FD22-48C8-8BB8-E173F1D5B8F4}.Release|x64.Build.0 = Release|x64
		{940E714E-FD22-48C8-8BB8-E173F1D5B8F4}.Release|x86.ActiveCfg = Release|Win32
		{940E714E-FD22-48C8-8BB8-E173F1D5B8F4}.Release|x86.Build.0 = Release|Win32
		{C5312942-606C-4F23-83B3-9D5714260FF5}.Debug|x64.ActiveCfg = Debug|x64
		{C5312942-606C-4F23-83B3-9D5714260FF5}.Debug|x64.Build.0 = Debug|x64
		{C5312942-606C-4F23-83B3-9D5714260FF5}.Debug|x86.ActiveCfg = Debug|Win32
		{C5312942-606C-4F23-83B3-9D5714260FF5}.Debug|x86.Build.0 = Debug|Win32
		{C5312942-606C-4F23-83B3-9D5714260FF5}.Release|x64.ActiveCfg = Release|x64
		{C5312942-606C-4F23-83B3-9D5714260FF5}.Release|x64.Build.0 = Release|x64
		{C5312942-606C-4F23-83B3-9D5714260FF5}.Release|x86.ActiveCfg = Release|Win32
		{C5312942-606C-4F23-83B3-9D5714260FF5}.Release|x86.Build.0 = Release|Win32
		{5D540BAB-01DC-4197-967F-D2770863B744}.Debug|x64.ActiveCfg = Debug|x64
		{5D540BAB-01DC-4197-967F-D2770863B744}.Debug|x64.Build.0 = Debug|x64
		{5D540BAB-01DC-4197-967F-D2770863B744}.Debug|x86.ActiveCfg = Debug|Win32
		{5D540BAB-01DC-4197-967F-D2770863B744}.Debug|x86.Build.0 = Debug|Win32
		{5D540BAB-01DC-4197-967F-D2770863B744}.Release|x64.ActiveCfg = Release|x64
		{5D540BAB-01DC-4197-967F-D2770863B744}.Release|x64.Build.0 = Release|x64
		{5D540BAB-01DC-4197-967F-D2770863B744}.Release|x86.ActiveCfg = Release|Win32
		{5D540BAB-01DC-4197-967F-D2770863B744}.Release|x86.Build.0 = Release|Win32
		{D77979C1-0961-455B-8424-C97E2A9809B7}.Debug|x64.ActiveCfg = Debug|x64
		{D77979C1-0961-455B-8424-C97E2A9809B7}.Debug|x64.Build.0 = Debug|x64
		{D77979C1-0961-455B-8424-C97E2A9809B7}.Debug|x86.ActiveCfg = Debug|Win32
		{D77979C1-0961-455B-8424-C97E2A9809B7}.Debug|x86.Build.0 = Debug|Win32
		{D77979C1-0961-455B-8424-C97E2A9809B7}.Release|x64.ActiveCfg = Release|x64
		{D77979C1-0961-455B-8424-C97E2A9809B7}.Release|x64.Build.0 = Release|x64
		{D77979C1-0961-455B-8424-C97E2A9809B7}.Release|x86.ActiveCfg = Release|Win32
		{D77979C1-0961-455B-8424-C97E2A9809B7}.Release|x86.Build.0 = Release|Win32
	EndGlobalSection
	GlobalSection(SolutionProperties) = preSolution
		HideSolutionNode = FALSE
	EndGlobalSection
	GlobalSection(ExtensibilityGlobals) = postSolution
		SolutionGuid = {339BCF4C-5C36-4AB8-92B5-5977667370AD}
	EndGlobalSection
EndGlobal
